<?xml version="1.0" encoding="UTF-8"?>
<Scheme
   version = "1.3">
   <BuildAction>
      <BuildActionEntries>
         <BuildActionEntry
            buildForRunning = "YES">
            <BuildableReference
               BuildableIdentifier = "primary"
               BlueprintIdentifier = "48892D6D207B56F4008495A3"
               BuildableName = "OnceLayoutDemo.app"
               BlueprintName = "OnceLayoutDemo"
               ReferencedContainer = "container:OnceLayoutDemo.xcodeproj">
            </BuildableReference>
         </BuildActionEntry>
      </BuildActionEntries>
   </BuildAction>
   <LaunchAction
      useCustomWorkingDirectory = "NO"
      buildConfiguration = "Debug">
      <BuildableProductRunnable>
         <BuildableReference
            BuildableIdentifier = "primary"
            BlueprintIdentifier = "48892D6D207B56F4008495A3"
            BuildableName = "OnceLayoutDemo.app"
            BlueprintName = "OnceLayoutDemo"
            ReferencedContainer = "container:OnceLayoutDemo.xcodeproj">
         </BuildableReference>
      </BuildableProductRunnable>
   </LaunchAction>
</Scheme>
